
Microsoft Visual Studio Solution File, Format Version 12.00
# Visual Studio Version 16
VisualStudioVersion = 16.0.30406.217
MinimumVisualStudioVersion = 10.0.40219.1
Project("{8BC9CEB8-8B4A-11D0-8D11-00A0C91BC942}") = "Sandbox", "Sandbox\Sandbox.vcxproj", "{B96F13B6-2848-4CB7-9D97-D9B932AAD08E}"
EndProject
Project("{8BC9CEB8-8B4A-11D0-8D11-00A0C91BC942}") = "Hazel", "Hazel\Hazel.vcxproj", "{5926451A-8163-4B83-8C82-5DC6162BACF6}"
EndProject

Global
	GlobalSection(SolutionConfigurationPlatforms) = preSolution
		Debug|x64 = Debug|x64
		Release|x64 = Release|x64
	EndGlobalSection
	GlobalSection(ProjectConfigurationPlatforms) = postSolution
		{5926451A-8163-4B83-8C82-5DC6162BACF6}.Debug|x64.ActiveCfg = Debug|x64
		{5926451A-8163-4B83-8C82-5DC6162BACF6}.Debug|x64.Build.0 = Debug|x64
		{5926451A-8163-4B83-8C82-5DC6162BACF6}.Release|x64.ActiveCfg = Release|x64
		{5926451A-8163-4B83-8C82-5DC6162BACF6}.Release|x64.Build.0 = Release|x64
		{B96F13B6-2848-4CB7-9D97-D9B932AAD08E}.Debug|x64.ActiveCfg = Debug|x64
		{B96F13B6-2848-4CB7-9D97-D9B932AAD08E}.Debug|x64.Build.0 = Debug|x64
		{B96F13B6-2848-4CB7-9D97-D9B932AAD08E}.Release|x64.ActiveCfg = Release|x64
		{B96F13B6-2848-4CB7-9D97-D9B932AAD08E}.Release|x64.Build.0 = Release|x64
	EndGlobalSection
	GlobalSection(SolutionProperties) = preSolution
		HideSolutionNode = FALSE
	EndGlobalSection
	GlobalSection(ExtensibilityGlobals) = postSolution
		SolutionGuid = {0082C3EC-B830-47B4-BED3-82558ABD567D}
	EndGlobalSection
EndGlobal
